# This file is automatically @generated by Cargo.
# It is not intended for manual editing.
version = 4

[[package]]
name = "sadda-app"
version = "0.0.0"
dependencies = [
 "sadda-engine",
]

[[package]]
name = "sadda-engine"
version = "0.0.0"

[[package]]
name = "sadda-python"
version = "0.0.0"
dependencies = [
 "sadda-engine",
]

[[package]]
name = "sadda-uniffi"
version = "0.0.0"
dependencies = [
 "sadda-engine",
]
